
Microsoft Visual Studio Solution File, Format Version 12.00
# Visual Studio Version 17
VisualStudioVersion = 17.0.31903.59
MinimumVisualStudioVersion = 10.0.40219.1
Project("{FAE04EC0-301F-11D3-BF4B-00C04F79EFBC}") = "EcoSystem.API", "EcoSystem.API\EcoSystem.API.csproj", "{DEBB8499-05AD-4112-BBD1-FA2E965BD842}"
EndProject
Project("{FAE04EC0-301F-11D3-BF4B-00C04F79EFBC}") = "EcoSystem.Business", "EcoSystem.Business\EcoSystem.Business.csproj", "{97D3BE35-813C-4291-BC2A-3B7CEB0B68E2}"
EndProject
Project("{FAE04EC0-301F-11D3-BF4B-00C04F79EFBC}") = "EcoSystem.Data", "EcoSystem.Data\EcoSystem.Data.csproj", "{4D1CBA2D-DC81-4F0C-968E-C216CD37612F}"
EndProject
Global
	GlobalSection(SolutionConfigurationPlatforms) = preSolution
		Debug|Any CPU = Debug|Any CPU
		Debug|x64 = Debug|x64
		Debug|x86 = Debug|x86
		Release|Any CPU = Release|Any CPU
		Release|x64 = Release|x64
		Release|x86 = Release|x86
	EndGlobalSection
	GlobalSection(ProjectConfigurationPlatforms) = postSolution
		{DEBB8499-05AD-4112-BBD1-FA2E965BD842}.Debug|Any CPU.ActiveCfg = Debug|Any CPU
		{DEBB8499-05AD-4112-BBD1-FA2E965BD842}.Debug|Any CPU.Build.0 = Debug|Any CPU
		{DEBB8499-05AD-4112-BBD1-FA2E965BD842}.Debug|x64.ActiveCfg = Debug|Any CPU
		{DEBB8499-05AD-4112-BBD1-FA2E965BD842}.Debug|x64.Build.0 = Debug|Any CPU
		{DEBB8499-05AD-4112-BBD1-FA2E965BD842}.Debug|x86.ActiveCfg = Debug|Any CPU
		{DEBB8499-05AD-4112-BBD1-FA2E965BD842}.Debug|x86.Build.0 = Debug|Any CPU
		{DEBB8499-05AD-4112-BBD1-FA2E965BD842}.Release|Any CPU.ActiveCfg = Release|Any CPU
		{DEBB8499-05AD-4112-BBD1-FA2E965BD842}.Release|Any CPU.Build.0 = Release|Any CPU
		{DEBB8499-05AD-4112-BBD1-FA2E965BD842}.Release|x64.ActiveCfg = Release|Any CPU
		{DEBB8499-05AD-4112-BBD1-FA2E965BD842}.Release|x64.Build.0 = Release|Any CPU
		{DEBB8499-05AD-4112-BBD1-FA2E965BD842}.Release|x86.ActiveCfg = Release|Any CPU
		{DEBB8499-05AD-4112-BBD1-FA2E965BD842}.Release|x86.Build.0 = Release|Any CPU
		{97D3BE35-813C-4291-BC2A-3B7CEB0B68E2}.Debug|Any CPU.ActiveCfg = Debug|Any CPU
		{97D3BE35-813C-4291-BC2A-3B7CEB0B68E2}.Debug|Any CPU.Build.0 = Debug|Any CPU
		{97D3BE35-813C-4291-BC2A-3B7CEB0B68E2}.Debug|x64.ActiveCfg = Debug|Any CPU
		{97D3BE35-813C-4291-BC2A-3B7CEB0B68E2}.Debug|x64.Build.0 = Debug|Any CPU
		{97D3BE35-813C-4291-BC2A-3B7CEB0B68E2}.Debug|x86.ActiveCfg = Debug|Any CPU
		{97D3BE35-813C-4291-BC2A-3B7CEB0B68E2}.Debug|x86.Build.0 = Debug|Any CPU
		{97D3BE35-813C-4291-BC2A-3B7CEB0B68E2}.Release|Any CPU.ActiveCfg = Release|Any CPU
		{97D3BE35-813C-4291-BC2A-3B7CEB0B68E2}.Release|Any CPU.Build.0 = Release|Any CPU
		{97D3BE35-813C-4291-BC2A-3B7CEB0B68E2}.Release|x64.ActiveCfg = Release|Any CPU
		{97D3BE35-813C-4291-BC2A-3B7CEB0B68E2}.Release|x64.Build.0 = Release|Any CPU
		{97D3BE35-813C-4291-BC2A-3B7CEB0B68E2}.Release|x86.ActiveCfg = Release|Any CPU
		{97D3BE35-813C-4291-BC2A-3B7CEB0B68E2}.Release|x86.Build.0 = Release|Any CPU
		{4D1CBA2D-DC81-4F0C-968E-C216CD37612F}.Debug|Any CPU.ActiveCfg = Debug|Any CPU
		{4D1CBA2D-DC81-4F0C-968E-C216CD37612F}.Debug|Any CPU.Build.0 = Debug|Any CPU
		{4D1CBA2D-DC81-4F0C-968E-C216CD37612F}.Debug|x64.ActiveCfg = Debug|Any CPU
		{4D1CBA2D-DC81-4F0C-968E-C216CD37612F}.Debug|x64.Build.0 = Debug|Any CPU
		{4D1CBA2D-DC81-4F0C-968E-C216CD37612F}.Debug|x86.ActiveCfg = Debug|Any CPU
		{4D1CBA2D-DC81-4F0C-968E-C216CD37612F}.Debug|x86.Build.0 = Debug|Any CPU
		{4D1CBA2D-DC81-4F0C-968E-C216CD37612F}.Release|Any CPU.ActiveCfg = Release|Any CPU
		{4D1CBA2D-DC81-4F0C-968E-C216CD37612F}.Release|Any CPU.Build.0 = Release|Any CPU
		{4D1CBA2D-DC81-4F0C-968E-C216CD37612F}.Release|x64.ActiveCfg = Release|Any CPU
		{4D1CBA2D-DC81-4F0C-968E-C216CD37612F}.Release|x64.Build.0 = Release|Any CPU
		{4D1CBA2D-DC81-4F0C-968E-C216CD37612F}.Release|x86.ActiveCfg = Release|Any CPU
		{4D1CBA2D-DC81-4F0C-968E-C216CD37612F}.Release|x86.Build.0 = Release|Any CPU
	EndGlobalSection
	GlobalSection(SolutionProperties) = preSolution
		HideSolutionNode = FALSE
	EndGlobalSection
EndGlobal
